
Microsoft Visual Studio Solution File, Format Version 12.00
# Visual Studio Version 16
VisualStudioVersion = 16.0.30907.101
MinimumVisualStudioVersion = 10.0.40219.1
Project("{FAE04EC0-301F-11D3-BF4B-00C04F79EFBC}") = "Excersize 7", "Excersize 7\Excersize 7.csproj", "{30E6C600-5300-4EAD-A7AC-44E664E1D55D}"
EndProject
Global
	GlobalSection(SolutionConfigurationPlatforms) = preSolution
		Debug|Any CPU = Debug|Any CPU
		Release|Any CPU = Release|Any CPU
	EndGlobalSection
	GlobalSection(ProjectConfigurationPlatforms) = postSolution
		{30E6C600-5300-4EAD-A7AC-44E664E1D55D}.Debug|Any CPU.ActiveCfg = Debug|Any CPU
		{30E6C600-5300-4EAD-A7AC-44E664E1D55D}.Debug|Any CPU.Build.0 = Debug|Any CPU
		{30E6C600-5300-4EAD-A7AC-44E664E1D55D}.Release|Any CPU.ActiveCfg = Release|Any CPU
		{30E6C600-5300-4EAD-A7AC-44E664E1D55D}.Release|Any CPU.Build.0 = Release|Any CPU
	EndGlobalSection
	GlobalSection(SolutionProperties) = preSolution
		HideSolutionNode = FALSE
	EndGlobalSection
	GlobalSection(ExtensibilityGlobals) = postSolution
		SolutionGuid = {1C28554C-A9A3-40CF-9511-B70561A5AA76}
	EndGlobalSection
EndGlobal
